{
  "name": "phina-game-prototypes",
  "lockfileVersion": 2,
  "requires": true,
  "packages": {
    "": {
      "dependencies": {
        "phina.js.d.ts": "github:negiwine/phina.js.d.ts"
      }
    },
    "node_modules/phina.js.d.ts": {
      "version": "0.0.1",
      "resolved": "git+ssh://git@github.com/negiwine/phina.js.d.ts.git#a3082a89bd6cb719be0662bf8f9efc0222d0ef56",
      "license": "MIT"
    }
  },
  "dependencies": {
    "phina.js.d.ts": {
      "version": "git+ssh://git@github.com/negiwine/phina.js.d.ts.git#a3082a89bd6cb719be0662bf8f9efc0222d0ef56",
      "from": "phina.js.d.ts@negiwine/phina.js.d.ts"
    }
  }
}
